
Microsoft Visual Studio Solution File, Format Version 12.00
# Visual Studio Version 16
VisualStudioVersion = 16.0.29102.190
MinimumVisualStudioVersion = 10.0.40219.1
Project("{FAE04EC0-301F-11D3-BF4B-00C04F79EFBC}") = "CoreX.Extensions.Logging", "CoreX.Extensions.Logging\CoreX.Extensions.Logging.csproj", "{1CC5C74B-128D-46A4-ACEE-95F43A57C92C}"
EndProject
Global
	GlobalSection(SolutionConfigurationPlatforms) = preSolution
		Debug|Any CPU = Debug|Any CPU
		Release|Any CPU = Release|Any CPU
	EndGlobalSection
	GlobalSection(ProjectConfigurationPlatforms) = postSolution
		{1CC5C74B-128D-46A4-ACEE-95F43A57C92C}.Debug|Any CPU.ActiveCfg = Debug|Any CPU
		{1CC5C74B-128D-46A4-ACEE-95F43A57C92C}.Debug|Any CPU.Build.0 = Debug|Any CPU
		{1CC5C74B-128D-46A4-ACEE-95F43A57C92C}.Release|Any CPU.ActiveCfg = Release|Any CPU
		{1CC5C74B-128D-46A4-ACEE-95F43A57C92C}.Release|Any CPU.Build.0 = Release|Any CPU
	EndGlobalSection
	GlobalSection(SolutionProperties) = preSolution
		HideSolutionNode = FALSE
	EndGlobalSection
	GlobalSection(ExtensibilityGlobals) = postSolution
		SolutionGuid = {8024E502-E677-4A67-8F12-9822BB63B56D}
	EndGlobalSection
EndGlobal
